
Microsoft Visual Studio Solution File, Format Version 12.00
# Visual Studio Version 17
VisualStudioVersion = 17.6.33815.320
MinimumVisualStudioVersion = 10.0.40219.1
Project("{FAE04EC0-301F-11D3-BF4B-00C04F79EFBC}") = "Stoning", "Stoning\Stoning.csproj", "{048A0393-CC00-426D-AC76-EB6B9E9BA67D}"
EndProject
Project("{FAE04EC0-301F-11D3-BF4B-00C04F79EFBC}") = "DataAccessLayer", "DataAccessLayer\DataAccessLayer.csproj", "{868B81AA-1CFA-4813-A7BE-8057B500AB0F}"
EndProject
Global
	GlobalSection(SolutionConfigurationPlatforms) = preSolution
		Debug|Any CPU = Debug|Any CPU
		Release|Any CPU = Release|Any CPU
	EndGlobalSection
	GlobalSection(ProjectConfigurationPlatforms) = postSolution
		{048A0393-CC00-426D-AC76-EB6B9E9BA67D}.Debug|Any CPU.ActiveCfg = Debug|Any CPU
		{048A0393-CC00-426D-AC76-EB6B9E9BA67D}.Debug|Any CPU.Build.0 = Debug|Any CPU
		{048A0393-CC00-426D-AC76-EB6B9E9BA67D}.Release|Any CPU.ActiveCfg = Release|Any CPU
		{048A0393-CC00-426D-AC76-EB6B9E9BA67D}.Release|Any CPU.Build.0 = Release|Any CPU
		{868B81AA-1CFA-4813-A7BE-8057B500AB0F}.Debug|Any CPU.ActiveCfg = Debug|Any CPU
		{868B81AA-1CFA-4813-A7BE-8057B500AB0F}.Debug|Any CPU.Build.0 = Debug|Any CPU
		{868B81AA-1CFA-4813-A7BE-8057B500AB0F}.Release|Any CPU.ActiveCfg = Release|Any CPU
		{868B81AA-1CFA-4813-A7BE-8057B500AB0F}.Release|Any CPU.Build.0 = Release|Any CPU
	EndGlobalSection
	GlobalSection(SolutionProperties) = preSolution
		HideSolutionNode = FALSE
	EndGlobalSection
	GlobalSection(ExtensibilityGlobals) = postSolution
		SolutionGuid = {0F347F76-5ABA-4ED5-BFB9-B6A62E3FDCE9}
	EndGlobalSection
EndGlobal
